// !$*UTF8*$!
{
	archiveVersion = 1;
	classes = {
	};
	objectVersion = 48;
	objects = {

/* Begin PBXBuildFile section */
		0625946B20466788001CB7D0 /* AppDelegate.swift in Sources */ = {isa = PBXBuildFile; fileRef = 0625946A20466788001CB7D0 /* AppDelegate.swift */; };
		0625946D20466788001CB7D0 /* ViewController.swift in Sources */ = {isa = PBXBuildFile; fileRef = 0625946C20466788001CB7D0 /* ViewController.swift */; };
		0625947020466788001CB7D0 /* Main.storyboard in Resources */ = {isa = PBXBuildFile; fileRef = 0625946E20466788001CB7D0 /* Main.storyboard */; };
		0625947220466788001CB7D0 /* Assets.xcassets in Resources */ = {isa = PBXBuildFile; fileRef = 0625947120466788001CB7D0 /* Assets.xcassets */; };
		0625947520466788001CB7D0 /* LaunchScreen.storyboard in Resources */ = {isa = PBXBuildFile; fileRef = 0625947320466788001CB7D0 /* LaunchScreen.storyboard */; };
		0625947D20466844001CB7D0 /* RenderTree.swift in Sources */ = {isa = PBXBuildFile; fileRef = 0625947C20466844001CB7D0 /* RenderTree.swift */; };
		0625947F20466B06001CB7D0 /* Node.swift in Sources */ = {isa = PBXBuildFile; fileRef = 0625947E20466B06001CB7D0 /* Node.swift */; };
		06ACAD53204A8807003C3840 /* Node+AttachNode.swift in Sources */ = {isa = PBXBuildFile; fileRef = 06ACAD52204A8807003C3840 /* Node+AttachNode.swift */; };
		06ACAD55204BC6AB003C3840 /* NodeView.swift in Sources */ = {isa = PBXBuildFile; fileRef = 06ACAD54204BC6AB003C3840 /* NodeView.swift */; };
/* End PBXBuildFile section */

/* Begin PBXFileReference section */
		0625946720466788001CB7D0 /* BinaryTree.app */ = {isa = PBXFileReference; explicitFileType = wrapper.application; includeInIndex = 0; path = BinaryTree.app; sourceTree = BUILT_PRODUCTS_DIR; };
		0625946A20466788001CB7D0 /* AppDelegate.swift */ = {isa = PBXFileReference; lastKnownFileType = sourcecode.swift; path = AppDelegate.swift; sourceTree = "<group>"; };
		0625946C20466788001CB7D0 /* ViewController.swift */ = {isa = PBXFileReference; lastKnownFileType = sourcecode.swift; path = ViewController.swift; sourceTree = "<group>"; };
		0625946F20466788001CB7D0 /* Base */ = {isa = PBXFileReference; lastKnownFileType = file.storyboard; name = Base; path = Base.lproj/Main.storyboard; sourceTree = "<group>"; };
		0625947120466788001CB7D0 /* Assets.xcassets */ = {isa = PBXFileReference; lastKnownFileType = folder.assetcatalog; path = Assets.xcassets; sourceTree = "<group>"; };
		0625947420466788001CB7D0 /* Base */ = {isa = PBXFileReference; lastKnownFileType = file.storyboard; name = Base; path = Base.lproj/LaunchScreen.storyboard; sourceTree = "<group>"; };
		0625947620466788001CB7D0 /* Info.plist */ = {isa = PBXFileReference; lastKnownFileType = text.plist.xml; path = Info.plist; sourceTree = "<group>"; };
		0625947C20466844001CB7D0 /* RenderTree.swift */ = {isa = PBXFileReference; lastKnownFileType = sourcecode.swift; path = RenderTree.swift; sourceTree = "<group>"; };
		0625947E20466B06001CB7D0 /* Node.swift */ = {isa = PBXFileReference; lastKnownFileType = sourcecode.swift; path = Node.swift; sourceTree = "<group>"; };
		06ACAD52204A8807003C3840 /* Node+AttachNode.swift */ = {isa = PBXFileReference; lastKnownFileType = sourcecode.swift; path = "Node+AttachNode.swift"; sourceTree = "<group>"; };
		06ACAD54204BC6AB003C3840 /* NodeView.swift */ = {isa = PBXFileReference; lastKnownFileType = sourcecode.swift; path = NodeView.swift; sourceTree = "<group>"; };
/* End PBXFileReference section */

/* Begin PBXFrameworksBuildPhase section */
		0625946420466788001CB7D0 /* Frameworks */ = {
			isa = PBXFrameworksBuildPhase;
			buildActionMask = 2147483647;
			files = (
			);
			runOnlyForDeploymentPostprocessing = 0;
		};
/* End PBXFrameworksBuildPhase section */

/* Begin PBXGroup section */
		0625945E20466787001CB7D0 = {
			isa = PBXGroup;
			children = (
				0625946920466788001CB7D0 /* BinaryTree */,
				0625946820466788001CB7D0 /* Products */,
			);
			sourceTree = "<group>";
		};
		0625946820466788001CB7D0 /* Products */ = {
			isa = PBXGroup;
			children = (
				0625946720466788001CB7D0 /* BinaryTree.app */,
			);
			name = Products;
			sourceTree = "<group>";
		};
		0625946920466788001CB7D0 /* BinaryTree */ = {
			isa = PBXGroup;
			children = (
				0625946A20466788001CB7D0 /* AppDelegate.swift */,
				0625946C20466788001CB7D0 /* ViewController.swift */,
				06ACAD54204BC6AB003C3840 /* NodeView.swift */,
				0625947E20466B06001CB7D0 /* Node.swift */,
				06ACAD52204A8807003C3840 /* Node+AttachNode.swift */,
				0625947C20466844001CB7D0 /* RenderTree.swift */,
				0625946E20466788001CB7D0 /* Main.storyboard */,
				0625947120466788001CB7D0 /* Assets.xcassets */,
				0625947320466788001CB7D0 /* LaunchScreen.storyboard */,
				0625947620466788001CB7D0 /* Info.plist */,
			);
			path = BinaryTree;
			sourceTree = "<group>";
		};
/* End PBXGroup section */

/* Begin PBXNativeTarget section */
		0625946620466788001CB7D0 /* BinaryTree */ = {
			isa = PBXNativeTarget;
			buildConfigurationList = 0625947920466788001CB7D0 /* Build configuration list for PBXNativeTarget "BinaryTree" */;
			buildPhases = (
				0625946320466788001CB7D0 /* Sources */,
				0625946420466788001CB7D0 /* Frameworks */,
				0625946520466788001CB7D0 /* Resources */,
			);
			buildRules = (
			);
			dependencies = (
			);
			name = BinaryTree;
			productName = BinaryTree;
			productReference = 0625946720466788001CB7D0 /* BinaryTree.app */;
			productType = "com.apple.product-type.application";
		};
/* End PBXNativeTarget section */

/* Begin PBXProject section */
		0625945F20466787001CB7D0 /* Project object */ = {
			isa = PBXProject;
			attributes = {
				LastSwiftUpdateCheck = 0920;
				LastUpgradeCheck = 0920;
				ORGANIZATIONNAME = "Manish Singh";
				TargetAttributes = {
					0625946620466788001CB7D0 = {
						CreatedOnToolsVersion = 9.2;
						ProvisioningStyle = Automatic;
					};
				};
			};
			buildConfigurationList = 0625946220466787001CB7D0 /* Build configuration list for PBXProject "BinaryTree" */;
			compatibilityVersion = "Xcode 8.0";
			developmentRegion = en;
			hasScannedForEncodings = 0;
			knownRegions = (
				en,
				Base,
			);
			mainGroup = 0625945E20466787001CB7D0;
			productRefGroup = 0625946820466788001CB7D0 /* Products */;
			projectDirPath = "";
			projectRoot = "";
			targets = (
				0625946620466788001CB7D0 /* BinaryTree */,
			);
		};
/* End PBXProject section */

/* Begin PBXResourcesBuildPhase section */
		0625946520466788001CB7D0 /* Resources */ = {
			isa = PBXResourcesBuildPhase;
			buildActionMask = 2147483647;
			files = (
				0625947520466788001CB7D0 /* LaunchScreen.storyboard in Resources */,
				0625947220466788001CB7D0 /* Assets.xcassets in Resources */,
				0625947020466788001CB7D0 /* Main.storyboard in Resources */,
			);
			runOnlyForDeploymentPostprocessing = 0;
		};
/* End PBXResourcesBuildPhase section */

/* Begin PBXSourcesBuildPhase section */
		0625946320466788001CB7D0 /* Sources */ = {
			isa = PBXSourcesBuildPhase;
			buildActionMask = 2147483647;
			files = (
				0625947D20466844001CB7D0 /* RenderTree.swift in Sources */,
				0625946D20466788001CB7D0 /* ViewController.swift in Sources */,
				06ACAD55204BC6AB003C3840 /* NodeView.swift in Sources */,
				06ACAD53204A8807003C3840 /* Node+AttachNode.swift in Sources */,
				0625947F20466B06001CB7D0 /* Node.swift in Sources */,
				0625946B20466788001CB7D0 /* AppDelegate.swift in Sources */,
			);
			runOnlyForDeploymentPostprocessing = 0;
		};
/* End PBXSourcesBuildPhase section */

/* Begin PBXVariantGroup section */
		0625946E20466788001CB7D0 /* Main.storyboard */ = {
			isa = PBXVariantGroup;
			children = (
				0625946F20466788001CB7D0 /* Base */,
			);
			name = Main.storyboard;
			sourceTree = "<group>";
		};
		0625947320466788001CB7D0 /* LaunchScreen.storyboard */ = {
			isa = PBXVariantGroup;
			children = (
				0625947420466788001CB7D0 /* Base */,
			);
			name = LaunchScreen.storyboard;
			sourceTree = "<group>";
		};
/* End PBXVariantGroup section */

/* Begin XCBuildConfiguration section */
		0625947720466788001CB7D0 /* Debug */ = {
			isa = XCBuildConfiguration;
			buildSettings = {
				ALWAYS_SEARCH_USER_PATHS = NO;
				CLANG_ANALYZER_NONNULL = YES;
				CLANG_ANALYZER_NUMBER_OBJECT_CONVERSION = YES_AGGRESSIVE;
				CLANG_CXX_LANGUAGE_STANDARD = "gnu++14";
				CLANG_CXX_LIBRARY = "libc++";
				CLANG_ENABLE_MODULES = YES;
				CLANG_ENABLE_OBJC_ARC = YES;
				CLANG_WARN_BLOCK_CAPTURE_AUTORELEASING = YES;
				CLANG_WARN_BOOL_CONVERSION = YES;
				CLANG_WARN_COMMA = YES;
				CLANG_WARN_CONSTANT_CONVERSION = YES;
				CLANG_WARN_DIRECT_OBJC_ISA_USAGE = YES_ERROR;
				CLANG_WARN_DOCUMENTATION_COMMENTS = YES;
				CLANG_WARN_EMPTY_BODY = YES;
				CLANG_WARN_ENUM_CONVERSION = YES;
				CLANG_WARN_INFINITE_RECURSION = YES;
				CLANG_WARN_INT_CONVERSION = YES;
				CLANG_WARN_NON_LITERAL_NULL_CONVERSION = YES;
				CLANG_WARN_OBJC_LITERAL_CONVERSION = YES;
				CLANG_WARN_OBJC_ROOT_CLASS = YES_ERROR;
				CLANG_WARN_RANGE_LOOP_ANALYSIS = YES;
				CLANG_WARN_STRICT_PROTOTYPES = YES;
				CLANG_WARN_SUSPICIOUS_MOVE = YES;
				CLANG_WARN_UNGUARDED_AVAILABILITY = YES_AGGRESSIVE;
				CLANG_WARN_UNREACHABLE_CODE = YES;
				CLANG_WARN__DUPLICATE_METHOD_MATCH = YES;
				CODE_SIGN_IDENTITY = "iPhone Developer";
				COPY_PHASE_STRIP = NO;
				DEBUG_INFORMATION_FORMAT = dwarf;
				ENABLE_STRICT_OBJC_MSGSEND = YES;
				ENABLE_TESTABILITY = YES;
				GCC_C_LANGUAGE_STANDARD = gnu11;
				GCC_DYNAMIC_NO_PIC = NO;
				GCC_NO_COMMON_BLOCKS = YES;
				GCC_OPTIMIZATION_LEVEL = 0;
				GCC_PREPROCESSOR_DEFINITIONS = (
					"DEBUG=1",
					"$(inherited)",
				);
				GCC_WARN_64_TO_32_BIT_CONVERSION = YES;
				GCC_WARN_ABOUT_RETURN_TYPE = YES_ERROR;
				GCC_WARN_UNDECLARED_SELECTOR = YES;
				GCC_WARN_UNINITIALIZED_AUTOS = YES_AGGRESSIVE;
				GCC_WARN_UNUSED_FUNCTION = YES;
				GCC_WARN_UNUSED_VARIABLE = YES;
				IPHONEOS_DEPLOYMENT_TARGET = 11.2;
				MTL_ENABLE_DEBUG_INFO = YES;
				ONLY_ACTIVE_ARCH = YES;
				SDKROOT = iphoneos;
				SWIFT_ACTIVE_COMPILATION_CONDITIONS = DEBUG;
				SWIFT_OPTIMIZATION_LEVEL = "-Onone";
			};
			name = Debug;
		};
		0625947820466788001CB7D0 /* Release */ = {
			isa = XCBuildConfiguration;
			buildSettings = {
				ALWAYS_SEARCH_USER_PATHS = NO;
				CLANG_ANALYZER_NONNULL = YES;
				CLANG_ANALYZER_NUMBER_OBJECT_CONVERSION = YES_AGGRESSIVE;
				CLANG_CXX_LANGUAGE_STANDARD = "gnu++14";
				CLANG_CXX_LIBRARY = "libc++";
				CLANG_ENABLE_MODULES = YES;
				CLANG_ENABLE_OBJC_ARC = YES;
				CLANG_WARN_BLOCK_CAPTURE_AUTORELEASING = YES;
				CLANG_WARN_BOOL_CONVERSION = YES;
				CLANG_WARN_COMMA = YES;
				CLANG_WARN_CONSTANT_CONVERSION = YES;
				CLANG_WARN_DIRECT_OBJC_ISA_USAGE = YES_ERROR;
				CLANG_WARN_DOCUMENTATION_COMMENTS = YES;
				CLANG_WARN_EMPTY_BODY = YES;
				CLANG_WARN_ENUM_CONVERSION = YES;
				CLANG_WARN_INFINITE_RECURSION = YES;
				CLANG_WARN_INT_CONVERSION = YES;
				CLANG_WARN_NON_LITERAL_NULL_CONVERSION = YES;
				CLANG_WARN_OBJC_LITERAL_CONVERSION = YES;
				CLANG_WARN_OBJC_ROOT_CLASS = YES_ERROR;
				CLANG_WARN_RANGE_LOOP_ANALYSIS = YES;
				CLANG_WARN_STRICT_PROTOTYPES = YES;
				CLANG_WARN_SUSPICIOUS_MOVE = YES;
				CLANG_WARN_UNGUARDED_AVAILABILITY = YES_AGGRESSIVE;
				CLANG_WARN_UNREACHABLE_CODE = YES;
				CLANG_WARN__DUPLICATE_METHOD_MATCH = YES;
				CODE_SIGN_IDENTITY = "iPhone Developer";
				COPY_PHASE_STRIP = NO;
				DEBUG_INFORMATION_FORMAT = "dwarf-with-dsym";
				ENABLE_NS_ASSERTIONS = NO;
				ENABLE_STRICT_OBJC_MSGSEND = YES;
				GCC_C_LANGUAGE_STANDARD = gnu11;
				GCC_NO_COMMON_BLOCKS = YES;
				GCC_WARN_64_TO_32_BIT_CONVERSION = YES;
				GCC_WARN_ABOUT_RETURN_TYPE = YES_ERROR;
				GCC_WARN_UNDECLARED_SELECTOR = YES;
				GCC_WARN_UNINITIALIZED_AUTOS = YES_AGGRESSIVE;
				GCC_WARN_UNUSED_FUNCTION = YES;
				GCC_WARN_UNUSED_VARIABLE = YES;
				IPHONEOS_DEPLOYMENT_TARGET = 11.2;
				MTL_ENABLE_DEBUG_INFO = NO;
				SDKROOT = iphoneos;
				SWIFT_OPTIMIZATION_LEVEL = "-Owholemodule";
				VALIDATE_PRODUCT = YES;
			};
			name = Release;
		};
		0625947A20466788001CB7D0 /* Debug */ = {
			isa = XCBuildConfiguration;
			buildSettings = {
				ASSETCATALOG_COMPILER_APPICON_NAME = AppIcon;
				CODE_SIGN_STYLE = Automatic;
				DEVELOPMENT_TEAM = 79FS6EETVS;
				INFOPLIST_FILE = BinaryTree/Info.plist;
				LD_RUNPATH_SEARCH_PATHS = "$(inherited) @executable_path/Frameworks";
				PRODUCT_BUNDLE_IDENTIFIER = com.manish.BinaryTree;
				PRODUCT_NAME = "$(TARGET_NAME)";
				SWIFT_VERSION = 4.0;
				TARGETED_DEVICE_FAMILY = "1,2";
			};
			name = Debug;
		};
		0625947B20466788001CB7D0 /* Release */ = {
			isa = XCBuildConfiguration;
			buildSettings = {
				ASSETCATALOG_COMPILER_APPICON_NAME = AppIcon;
				CODE_SIGN_STYLE = Automatic;
				DEVELOPMENT_TEAM = 79FS6EETVS;
				INFOPLIST_FILE = BinaryTree/Info.plist;
				LD_RUNPATH_SEARCH_PATHS = "$(inherited) @executable_path/Frameworks";
				PRODUCT_BUNDLE_IDENTIFIER = com.manish.BinaryTree;
				PRODUCT_NAME = "$(TARGET_NAME)";
				SWIFT_VERSION = 4.0;
				TARGETED_DEVICE_FAMILY = "1,2";
			};
			name = Release;
		};
/* End XCBuildConfiguration section */

/* Begin XCConfigurationList section */
		0625946220466787001CB7D0 /* Build configuration list for PBXProject "BinaryTree" */ = {
			isa = XCConfigurationList;
			buildConfigurations = (
				0625947720466788001CB7D0 /* Debug */,
				0625947820466788001CB7D0 /* Release */,
			);
			defaultConfigurationIsVisible = 0;
			defaultConfigurationName = Release;
		};
		0625947920466788001CB7D0 /* Build configuration list for PBXNativeTarget "BinaryTree" */ = {
			isa = XCConfigurationList;
			buildConfigurations = (
				0625947A20466788001CB7D0 /* Debug */,
				0625947B20466788001CB7D0 /* Release */,
			);
			defaultConfigurationIsVisible = 0;
			defaultConfigurationName = Release;
		};
/* End XCConfigurationList section */
	};
	rootObject = 0625945F20466787001CB7D0 /* Project object */;
}
